
Microsoft Visual Studio Solution File, Format Version 12.00
# Visual Studio Version 17
VisualStudioVersion = 17.14.36109.1 d17.14
MinimumVisualStudioVersion = 10.0.40219.1
Project("{FAE04EC0-301F-11D3-BF4B-00C04F79EFBC}") = "SoliSample", "SoliSample.csproj", "{58E61B1C-574B-4655-9B74-221975C2A009}"
EndProject
Global
	GlobalSection(SolutionConfigurationPlatforms) = preSolution
		Debug|Any CPU = Debug|Any CPU
		Release|Any CPU = Release|Any CPU
	EndGlobalSection
	GlobalSection(ProjectConfigurationPlatforms) = postSolution
		{58E61B1C-574B-4655-9B74-221975C2A009}.Debug|Any CPU.ActiveCfg = Debug|Any CPU
		{58E61B1C-574B-4655-9B74-221975C2A009}.Debug|Any CPU.Build.0 = Debug|Any CPU
		{58E61B1C-574B-4655-9B74-221975C2A009}.Release|Any CPU.ActiveCfg = Release|Any CPU
		{58E61B1C-574B-4655-9B74-221975C2A009}.Release|Any CPU.Build.0 = Release|Any CPU
	EndGlobalSection
	GlobalSection(SolutionProperties) = preSolution
		HideSolutionNode = FALSE
	EndGlobalSection
	GlobalSection(ExtensibilityGlobals) = postSolution
		SolutionGuid = {20BC3BEA-8FCA-42ED-A67D-027CC4B140AC}
	EndGlobalSection
EndGlobal
